// !$*UTF8*$!
{
	archiveVersion = 1;
	classes = {
	};
	objectVersion = 46;
	objects = {

/* Begin PBXBuildFile section */
		231B88421BEAF28400174AD7 /* Login.swift in Sources */ = {isa = PBXBuildFile; fileRef = 231B88411BEAF28400174AD7 /* Login.swift */; };
		3D71A61D1BEAE59E00FDD533 /* AppDelegate.swift in Sources */ = {isa = PBXBuildFile; fileRef = 3D71A61C1BEAE59E00FDD533 /* AppDelegate.swift */; };
		3D71A61F1BEAE59E00FDD533 /* ViewController.swift in Sources */ = {isa = PBXBuildFile; fileRef = 3D71A61E1BEAE59E00FDD533 /* ViewController.swift */; };
		3D71A6221BEAE59E00FDD533 /* Main.storyboard in Resources */ = {isa = PBXBuildFile; fileRef = 3D71A6201BEAE59E00FDD533 /* Main.storyboard */; };
		3D71A6241BEAE59E00FDD533 /* Assets.xcassets in Resources */ = {isa = PBXBuildFile; fileRef = 3D71A6231BEAE59E00FDD533 /* Assets.xcassets */; };
		3D71A6271BEAE59E00FDD533 /* LaunchScreen.storyboard in Resources */ = {isa = PBXBuildFile; fileRef = 3D71A6251BEAE59E00FDD533 /* LaunchScreen.storyboard */; };
		3D71A6321BEAE59E00FDD533 /* BuzzTests.swift in Sources */ = {isa = PBXBuildFile; fileRef = 3D71A6311BEAE59E00FDD533 /* BuzzTests.swift */; };
		3DEEA04F1BF521F60059902E /* Bolts.framework in Frameworks */ = {isa = PBXBuildFile; fileRef = 3DEEA04E1BF521F60059902E /* Bolts.framework */; };
		3DEEA0531BF5220B0059902E /* FBSDKCoreKit.framework in Frameworks */ = {isa = PBXBuildFile; fileRef = 3DEEA0501BF5220B0059902E /* FBSDKCoreKit.framework */; };
		3DEEA0541BF5220B0059902E /* FBSDKLoginKit.framework in Frameworks */ = {isa = PBXBuildFile; fileRef = 3DEEA0511BF5220B0059902E /* FBSDKLoginKit.framework */; };
		3DEEA0551BF5220B0059902E /* FBSDKShareKit.framework in Frameworks */ = {isa = PBXBuildFile; fileRef = 3DEEA0521BF5220B0059902E /* FBSDKShareKit.framework */; };
/* End PBXBuildFile section */

/* Begin PBXContainerItemProxy section */
		3D71A62E1BEAE59E00FDD533 /* PBXContainerItemProxy */ = {
			isa = PBXContainerItemProxy;
			containerPortal = 3D71A6111BEAE59E00FDD533 /* Project object */;
			proxyType = 1;
			remoteGlobalIDString = 3D71A6181BEAE59E00FDD533;
			remoteInfo = Buzz;
		};
/* End PBXContainerItemProxy section */

/* Begin PBXFileReference section */
		231B88411BEAF28400174AD7 /* Login.swift */ = {isa = PBXFileReference; fileEncoding = 4; lastKnownFileType = sourcecode.swift; path = Login.swift; sourceTree = "<group>"; };
		3D71A6191BEAE59E00FDD533 /* Buzz.app */ = {isa = PBXFileReference; explicitFileType = wrapper.application; includeInIndex = 0; path = Buzz.app; sourceTree = BUILT_PRODUCTS_DIR; };
		3D71A61C1BEAE59E00FDD533 /* AppDelegate.swift */ = {isa = PBXFileReference; lastKnownFileType = sourcecode.swift; path = AppDelegate.swift; sourceTree = "<group>"; };
		3D71A61E1BEAE59E00FDD533 /* ViewController.swift */ = {isa = PBXFileReference; lastKnownFileType = sourcecode.swift; path = ViewController.swift; sourceTree = "<group>"; };
		3D71A6211BEAE59E00FDD533 /* Base */ = {isa = PBXFileReference; lastKnownFileType = file.storyboard; name = Base; path = Base.lproj/Main.storyboard; sourceTree = "<group>"; };
		3D71A6231BEAE59E00FDD533 /* Assets.xcassets */ = {isa = PBXFileReference; lastKnownFileType = folder.assetcatalog; path = Assets.xcassets; sourceTree = "<group>"; };
		3D71A6261BEAE59E00FDD533 /* Base */ = {isa = PBXFileReference; lastKnownFileType = file.storyboard; name = Base; path = Base.lproj/LaunchScreen.storyboard; sourceTree = "<group>"; };
		3D71A6281BEAE59E00FDD533 /* Info.plist */ = {isa = PBXFileReference; lastKnownFileType = text.plist.xml; path = Info.plist; sourceTree = "<group>"; };
		3D71A62D1BEAE59E00FDD533 /* BuzzTests.xctest */ = {isa = PBXFileReference; explicitFileType = wrapper.cfbundle; includeInIndex = 0; path = BuzzTests.xctest; sourceTree = BUILT_PRODUCTS_DIR; };
		3D71A6311BEAE59E00FDD533 /* BuzzTests.swift */ = {isa = PBXFileReference; lastKnownFileType = sourcecode.swift; path = BuzzTests.swift; sourceTree = "<group>"; };
		3D71A6331BEAE59E00FDD533 /* Info.plist */ = {isa = PBXFileReference; lastKnownFileType = text.plist.xml; path = Info.plist; sourceTree = "<group>"; };
		3DEEA04D1BF51D5E0059902E /* Bridging-Header.h */ = {isa = PBXFileReference; lastKnownFileType = sourcecode.c.h; path = "Bridging-Header.h"; sourceTree = "<group>"; };
		3DEEA04E1BF521F60059902E /* Bolts.framework */ = {isa = PBXFileReference; lastKnownFileType = wrapper.framework; path = Bolts.framework; sourceTree = "<group>"; };
		3DEEA0501BF5220B0059902E /* FBSDKCoreKit.framework */ = {isa = PBXFileReference; lastKnownFileType = wrapper.framework; path = FBSDKCoreKit.framework; sourceTree = "<group>"; };
		3DEEA0511BF5220B0059902E /* FBSDKLoginKit.framework */ = {isa = PBXFileReference; lastKnownFileType = wrapper.framework; path = FBSDKLoginKit.framework; sourceTree = "<group>"; };
		3DEEA0521BF5220B0059902E /* FBSDKShareKit.framework */ = {isa = PBXFileReference; lastKnownFileType = wrapper.framework; path = FBSDKShareKit.framework; sourceTree = "<group>"; };
/* End PBXFileReference section */

/* Begin PBXFrameworksBuildPhase section */
		3D71A6161BEAE59E00FDD533 /* Frameworks */ = {
			isa = PBXFrameworksBuildPhase;
			buildActionMask = 2147483647;
			files = (
				3DEEA0551BF5220B0059902E /* FBSDKShareKit.framework in Frameworks */,
				3DEEA04F1BF521F60059902E /* Bolts.framework in Frameworks */,
				3DEEA0531BF5220B0059902E /* FBSDKCoreKit.framework in Frameworks */,
				3DEEA0541BF5220B0059902E /* FBSDKLoginKit.framework in Frameworks */,
			);
			runOnlyForDeploymentPostprocessing = 0;
		};
		3D71A62A1BEAE59E00FDD533 /* Frameworks */ = {
			isa = PBXFrameworksBuildPhase;
			buildActionMask = 2147483647;
			files = (
			);
			runOnlyForDeploymentPostprocessing = 0;
		};
/* End PBXFrameworksBuildPhase section */

/* Begin PBXGroup section */
		3D71A6101BEAE59E00FDD533 = {
			isa = PBXGroup;
			children = (
				3DEEA04D1BF51D5E0059902E /* Bridging-Header.h */,
				3D71A61B1BEAE59E00FDD533 /* Buzz */,
				3D71A6301BEAE59E00FDD533 /* BuzzTests */,
				3D71A61A1BEAE59E00FDD533 /* Products */,
			);
			sourceTree = "<group>";
		};
		3D71A61A1BEAE59E00FDD533 /* Products */ = {
			isa = PBXGroup;
			children = (
				3D71A6191BEAE59E00FDD533 /* Buzz.app */,
				3D71A62D1BEAE59E00FDD533 /* BuzzTests.xctest */,
			);
			name = Products;
			sourceTree = "<group>";
		};
		3D71A61B1BEAE59E00FDD533 /* Buzz */ = {
			isa = PBXGroup;
			children = (
				231B88411BEAF28400174AD7 /* Login.swift */,
				3D71A61C1BEAE59E00FDD533 /* AppDelegate.swift */,
				3D71A61E1BEAE59E00FDD533 /* ViewController.swift */,
				3D71A6201BEAE59E00FDD533 /* Main.storyboard */,
				3DEEA0501BF5220B0059902E /* FBSDKCoreKit.framework */,
				3DEEA0511BF5220B0059902E /* FBSDKLoginKit.framework */,
				3DEEA0521BF5220B0059902E /* FBSDKShareKit.framework */,
				3DEEA04E1BF521F60059902E /* Bolts.framework */,
				3D71A6231BEAE59E00FDD533 /* Assets.xcassets */,
				3D71A6251BEAE59E00FDD533 /* LaunchScreen.storyboard */,
				3D71A6281BEAE59E00FDD533 /* Info.plist */,
			);
			path = Buzz;
			sourceTree = "<group>";
		};
		3D71A6301BEAE59E00FDD533 /* BuzzTests */ = {
			isa = PBXGroup;
			children = (
				3D71A6311BEAE59E00FDD533 /* BuzzTests.swift */,
				3D71A6331BEAE59E00FDD533 /* Info.plist */,
			);
			path = BuzzTests;
			sourceTree = "<group>";
		};
/* End PBXGroup section */

/* Begin PBXNativeTarget section */
		3D71A6181BEAE59E00FDD533 /* Buzz */ = {
			isa = PBXNativeTarget;
			buildConfigurationList = 3D71A6361BEAE59E00FDD533 /* Build configuration list for PBXNativeTarget "Buzz" */;
			buildPhases = (
				3D71A6151BEAE59E00FDD533 /* Sources */,
				3D71A6161BEAE59E00FDD533 /* Frameworks */,
				3D71A6171BEAE59E00FDD533 /* Resources */,
			);
			buildRules = (
			);
			dependencies = (
			);
			name = Buzz;
			productName = Buzz;
			productReference = 3D71A6191BEAE59E00FDD533 /* Buzz.app */;
			productType = "com.apple.product-type.application";
		};
		3D71A62C1BEAE59E00FDD533 /* BuzzTests */ = {
			isa = PBXNativeTarget;
			buildConfigurationList = 3D71A6391BEAE59E00FDD533 /* Build configuration list for PBXNativeTarget "BuzzTests" */;
			buildPhases = (
				3D71A6291BEAE59E00FDD533 /* Sources */,
				3D71A62A1BEAE59E00FDD533 /* Frameworks */,
				3D71A62B1BEAE59E00FDD533 /* Resources */,
			);
			buildRules = (
			);
			dependencies = (
				3D71A62F1BEAE59E00FDD533 /* PBXTargetDependency */,
			);
			name = BuzzTests;
			productName = BuzzTests;
			productReference = 3D71A62D1BEAE59E00FDD533 /* BuzzTests.xctest */;
			productType = "com.apple.product-type.bundle.unit-test";
		};
/* End PBXNativeTarget section */

/* Begin PBXProject section */
		3D71A6111BEAE59E00FDD533 /* Project object */ = {
			isa = PBXProject;
			attributes = {
				LastSwiftUpdateCheck = 0710;
				LastUpgradeCheck = 0710;
				ORGANIZATIONNAME = Buzz;
				TargetAttributes = {
					3D71A6181BEAE59E00FDD533 = {
						CreatedOnToolsVersion = 7.1;
						DevelopmentTeam = 7Q2D237A53;
					};
					3D71A62C1BEAE59E00FDD533 = {
						CreatedOnToolsVersion = 7.1;
						TestTargetID = 3D71A6181BEAE59E00FDD533;
					};
				};
			};
			buildConfigurationList = 3D71A6141BEAE59E00FDD533 /* Build configuration list for PBXProject "Buzz" */;
			compatibilityVersion = "Xcode 3.2";
			developmentRegion = English;
			hasScannedForEncodings = 0;
			knownRegions = (
				en,
				Base,
			);
			mainGroup = 3D71A6101BEAE59E00FDD533;
			productRefGroup = 3D71A61A1BEAE59E00FDD533 /* Products */;
			projectDirPath = "";
			projectRoot = "";
			targets = (
				3D71A6181BEAE59E00FDD533 /* Buzz */,
				3D71A62C1BEAE59E00FDD533 /* BuzzTests */,
			);
		};
/* End PBXProject section */

/* Begin PBXResourcesBuildPhase section */
		3D71A6171BEAE59E00FDD533 /* Resources */ = {
			isa = PBXResourcesBuildPhase;
			buildActionMask = 2147483647;
			files = (
				3D71A6271BEAE59E00FDD533 /* LaunchScreen.storyboard in Resources */,
				3D71A6241BEAE59E00FDD533 /* Assets.xcassets in Resources */,
				3D71A6221BEAE59E00FDD533 /* Main.storyboard in Resources */,
			);
			runOnlyForDeploymentPostprocessing = 0;
		};
		3D71A62B1BEAE59E00FDD533 /* Resources */ = {
			isa = PBXResourcesBuildPhase;
			buildActionMask = 2147483647;
			files = (
			);
			runOnlyForDeploymentPostprocessing = 0;
		};
/* End PBXResourcesBuildPhase section */

/* Begin PBXSourcesBuildPhase section */
		3D71A6151BEAE59E00FDD533 /* Sources */ = {
			isa = PBXSourcesBuildPhase;
			buildActionMask = 2147483647;
			files = (
				231B88421BEAF28400174AD7 /* Login.swift in Sources */,
				3D71A61F1BEAE59E00FDD533 /* ViewController.swift in Sources */,
				3D71A61D1BEAE59E00FDD533 /* AppDelegate.swift in Sources */,
			);
			runOnlyForDeploymentPostprocessing = 0;
		};
		3D71A6291BEAE59E00FDD533 /* Sources */ = {
			isa = PBXSourcesBuildPhase;
			buildActionMask = 2147483647;
			files = (
				3D71A6321BEAE59E00FDD533 /* BuzzTests.swift in Sources */,
			);
			runOnlyForDeploymentPostprocessing = 0;
		};
/* End PBXSourcesBuildPhase section */

/* Begin PBXTargetDependency section */
		3D71A62F1BEAE59E00FDD533 /* PBXTargetDependency */ = {
			isa = PBXTargetDependency;
			target = 3D71A6181BEAE59E00FDD533 /* Buzz */;
			targetProxy = 3D71A62E1BEAE59E00FDD533 /* PBXContainerItemProxy */;
		};
/* End PBXTargetDependency section */

/* Begin PBXVariantGroup section */
		3D71A6201BEAE59E00FDD533 /* Main.storyboard */ = {
			isa = PBXVariantGroup;
			children = (
				3D71A6211BEAE59E00FDD533 /* Base */,
			);
			name = Main.storyboard;
			sourceTree = "<group>";
		};
		3D71A6251BEAE59E00FDD533 /* LaunchScreen.storyboard */ = {
			isa = PBXVariantGroup;
			children = (
				3D71A6261BEAE59E00FDD533 /* Base */,
			);
			name = LaunchScreen.storyboard;
			sourceTree = "<group>";
		};
/* End PBXVariantGroup section */

/* Begin XCBuildConfiguration section */
		3D71A6341BEAE59E00FDD533 /* Debug */ = {
			isa = XCBuildConfiguration;
			buildSettings = {
				ALWAYS_SEARCH_USER_PATHS = NO;
				CLANG_CXX_LANGUAGE_STANDARD = "gnu++0x";
				CLANG_CXX_LIBRARY = "libc++";
				CLANG_ENABLE_MODULES = YES;
				CLANG_ENABLE_OBJC_ARC = YES;
				CLANG_WARN_BOOL_CONVERSION = YES;
				CLANG_WARN_CONSTANT_CONVERSION = YES;
				CLANG_WARN_DIRECT_OBJC_ISA_USAGE = YES_ERROR;
				CLANG_WARN_EMPTY_BODY = YES;
				CLANG_WARN_ENUM_CONVERSION = YES;
				CLANG_WARN_INT_CONVERSION = YES;
				CLANG_WARN_OBJC_ROOT_CLASS = YES_ERROR;
				CLANG_WARN_UNREACHABLE_CODE = YES;
				CLANG_WARN__DUPLICATE_METHOD_MATCH = YES;
				"CODE_SIGN_IDENTITY[sdk=iphoneos*]" = "iPhone Developer";
				COPY_PHASE_STRIP = NO;
				DEBUG_INFORMATION_FORMAT = dwarf;
				ENABLE_STRICT_OBJC_MSGSEND = YES;
				ENABLE_TESTABILITY = YES;
				GCC_C_LANGUAGE_STANDARD = gnu99;
				GCC_DYNAMIC_NO_PIC = NO;
				GCC_NO_COMMON_BLOCKS = YES;
				GCC_OPTIMIZATION_LEVEL = 0;
				GCC_PREPROCESSOR_DEFINITIONS = (
					"DEBUG=1",
					"$(inherited)",
				);
				GCC_WARN_64_TO_32_BIT_CONVERSION = YES;
				GCC_WARN_ABOUT_RETURN_TYPE = YES_ERROR;
				GCC_WARN_UNDECLARED_SELECTOR = YES;
				GCC_WARN_UNINITIALIZED_AUTOS = YES_AGGRESSIVE;
				GCC_WARN_UNUSED_FUNCTION = YES;
				GCC_WARN_UNUSED_VARIABLE = YES;
				IPHONEOS_DEPLOYMENT_TARGET = 9.1;
				MTL_ENABLE_DEBUG_INFO = YES;
				ONLY_ACTIVE_ARCH = YES;
				SDKROOT = iphoneos;
				SWIFT_OPTIMIZATION_LEVEL = "-Onone";
			};
			name = Debug;
		};
		3D71A6351BEAE59E00FDD533 /* Release */ = {
			isa = XCBuildConfiguration;
			buildSettings = {
				ALWAYS_SEARCH_USER_PATHS = NO;
				CLANG_CXX_LANGUAGE_STANDARD = "gnu++0x";
				CLANG_CXX_LIBRARY = "libc++";
				CLANG_ENABLE_MODULES = YES;
				CLANG_ENABLE_OBJC_ARC = YES;
				CLANG_WARN_BOOL_CONVERSION = YES;
				CLANG_WARN_CONSTANT_CONVERSION = YES;
				CLANG_WARN_DIRECT_OBJC_ISA_USAGE = YES_ERROR;
				CLANG_WARN_EMPTY_BODY = YES;
				CLANG_WARN_ENUM_CONVERSION = YES;
				CLANG_WARN_INT_CONVERSION = YES;
				CLANG_WARN_OBJC_ROOT_CLASS = YES_ERROR;
				CLANG_WARN_UNREACHABLE_CODE = YES;
				CLANG_WARN__DUPLICATE_METHOD_MATCH = YES;
				"CODE_SIGN_IDENTITY[sdk=iphoneos*]" = "iPhone Developer";
				COPY_PHASE_STRIP = NO;
				DEBUG_INFORMATION_FORMAT = "dwarf-with-dsym";
				ENABLE_NS_ASSERTIONS = NO;
				ENABLE_STRICT_OBJC_MSGSEND = YES;
				GCC_C_LANGUAGE_STANDARD = gnu99;
				GCC_NO_COMMON_BLOCKS = YES;
				GCC_WARN_64_TO_32_BIT_CONVERSION = YES;
				GCC_WARN_ABOUT_RETURN_TYPE = YES_ERROR;
				GCC_WARN_UNDECLARED_SELECTOR = YES;
				GCC_WARN_UNINITIALIZED_AUTOS = YES_AGGRESSIVE;
				GCC_WARN_UNUSED_FUNCTION = YES;
				GCC_WARN_UNUSED_VARIABLE = YES;
				IPHONEOS_DEPLOYMENT_TARGET = 9.1;
				MTL_ENABLE_DEBUG_INFO = NO;
				SDKROOT = iphoneos;
				VALIDATE_PRODUCT = YES;
			};
			name = Release;
		};
		3D71A6371BEAE59E00FDD533 /* Debug */ = {
			isa = XCBuildConfiguration;
			buildSettings = {
				ASSETCATALOG_COMPILER_APPICON_NAME = AppIcon;
				CODE_SIGN_IDENTITY = "iPhone Developer";
				FRAMEWORK_SEARCH_PATHS = (
					"$(inherited)",
					"$(PROJECT_DIR)/Buzz",
				);
				INFOPLIST_FILE = Buzz/Info.plist;
				LD_RUNPATH_SEARCH_PATHS = "$(inherited) @executable_path/Frameworks";
				PRODUCT_BUNDLE_IDENTIFIER = com.buzz.BuzzSocial;
				PRODUCT_NAME = "$(TARGET_NAME)";
				SWIFT_OBJC_BRIDGING_HEADER = "Bridging-Header.h";
			};
			name = Debug;
		};
		3D71A6381BEAE59E00FDD533 /* Release */ = {
			isa = XCBuildConfiguration;
			buildSettings = {
				ASSETCATALOG_COMPILER_APPICON_NAME = AppIcon;
				CODE_SIGN_IDENTITY = "iPhone Developer";
				FRAMEWORK_SEARCH_PATHS = (
					"$(inherited)",
					"$(PROJECT_DIR)/Buzz",
				);
				INFOPLIST_FILE = Buzz/Info.plist;
				LD_RUNPATH_SEARCH_PATHS = "$(inherited) @executable_path/Frameworks";
				PRODUCT_BUNDLE_IDENTIFIER = com.buzz.BuzzSocial;
				PRODUCT_NAME = "$(TARGET_NAME)";
				SWIFT_OBJC_BRIDGING_HEADER = "Bridging-Header.h";
			};
			name = Release;
		};
		3D71A63A1BEAE59E00FDD533 /* Debug */ = {
			isa = XCBuildConfiguration;
			buildSettings = {
				BUNDLE_LOADER = "$(TEST_HOST)";
				INFOPLIST_FILE = BuzzTests/Info.plist;
				LD_RUNPATH_SEARCH_PATHS = "$(inherited) @executable_path/Frameworks @loader_path/Frameworks";
				PRODUCT_BUNDLE_IDENTIFIER = com.buzz.BuzzTests;
				PRODUCT_NAME = "$(TARGET_NAME)";
				TEST_HOST = "$(BUILT_PRODUCTS_DIR)/Buzz.app/Buzz";
			};
			name = Debug;
		};
		3D71A63B1BEAE59E00FDD533 /* Release */ = {
			isa = XCBuildConfiguration;
			buildSettings = {
				BUNDLE_LOADER = "$(TEST_HOST)";
				INFOPLIST_FILE = BuzzTests/Info.plist;
				LD_RUNPATH_SEARCH_PATHS = "$(inherited) @executable_path/Frameworks @loader_path/Frameworks";
				PRODUCT_BUNDLE_IDENTIFIER = com.buzz.BuzzTests;
				PRODUCT_NAME = "$(TARGET_NAME)";
				TEST_HOST = "$(BUILT_PRODUCTS_DIR)/Buzz.app/Buzz";
			};
			name = Release;
		};
/* End XCBuildConfiguration section */

/* Begin XCConfigurationList section */
		3D71A6141BEAE59E00FDD533 /* Build configuration list for PBXProject "Buzz" */ = {
			isa = XCConfigurationList;
			buildConfigurations = (
				3D71A6341BEAE59E00FDD533 /* Debug */,
				3D71A6351BEAE59E00FDD533 /* Release */,
			);
			defaultConfigurationIsVisible = 0;
			defaultConfigurationName = Release;
		};
		3D71A6361BEAE59E00FDD533 /* Build configuration list for PBXNativeTarget "Buzz" */ = {
			isa = XCConfigurationList;
			buildConfigurations = (
				3D71A6371BEAE59E00FDD533 /* Debug */,
				3D71A6381BEAE59E00FDD533 /* Release */,
			);
			defaultConfigurationIsVisible = 0;
			defaultConfigurationName = Release;
		};
		3D71A6391BEAE59E00FDD533 /* Build configuration list for PBXNativeTarget "BuzzTests" */ = {
			isa = XCConfigurationList;
			buildConfigurations = (
				3D71A63A1BEAE59E00FDD533 /* Debug */,
				3D71A63B1BEAE59E00FDD533 /* Release */,
			);
			defaultConfigurationIsVisible = 0;
			defaultConfigurationName = Release;
		};
/* End XCConfigurationList section */
	};
	rootObject = 3D71A6111BEAE59E00FDD533 /* Project object */;
}
